
Microsoft Visual Studio Solution File, Format Version 12.00
# Visual Studio 14
VisualStudioVersion = 14.0.25420.1
MinimumVisualStudioVersion = 10.0.40219.1
Project("{2150E333-8FDC-42A3-9474-1A3956D46DE8}") = "Data", "Data", "{7ED2D99A-69C6-4490-A863-5C3F8573387E}"
EndProject
Project("{2150E333-8FDC-42A3-9474-1A3956D46DE8}") = "Business", "Business", "{A6A1A93A-A102-46EA-9D23-06D88ACFD01D}"
EndProject
Project("{2150E333-8FDC-42A3-9474-1A3956D46DE8}") = "Services", "Services", "{B7AD5665-6E1C-409E-88A0-4B2FD7075CA8}"
EndProject
Project("{2150E333-8FDC-42A3-9474-1A3956D46DE8}") = "Presentation", "Presentation", "{FD9147FF-0BF8-4DE0-A967-A3BB742716B9}"
EndProject
Project("{2150E333-8FDC-42A3-9474-1A3956D46DE8}") = "Hosts", "Hosts", "{EE18BF2F-346F-45C9-9FEC-EACF4D6A66C8}"
EndProject
Project("{2150E333-8FDC-42A3-9474-1A3956D46DE8}") = "Shared", "Shared", "{9CA42AF6-C4D2-4D9B-A413-2795EBDB07DA}"
EndProject
Project("{2150E333-8FDC-42A3-9474-1A3956D46DE8}") = "Tests", "Tests", "{519D5926-F696-477E-A1BF-474D557E0FC9}"
EndProject
Project("{FAE04EC0-301F-11D3-BF4B-00C04F79EFBC}") = "TR.Framework", "Shared\TR.Framework\TR.Framework.csproj", "{5137256C-DA89-4C33-A09A-A414D88CB7FF}"
EndProject
Project("{FAE04EC0-301F-11D3-BF4B-00C04F79EFBC}") = "TR.Entities", "Shared\TR.Entities\TR.Entities.csproj", "{AA6EF931-8D06-42FA-B281-A4DE20FFE1CE}"
EndProject
Project("{FAE04EC0-301F-11D3-BF4B-00C04F79EFBC}") = "TR.Data", "Data\TR.Data\TR.Data.csproj", "{4CA8D3BE-9F25-462E-9022-A17D5D4508D6}"
EndProject
Project("{FAE04EC0-301F-11D3-BF4B-00C04F79EFBC}") = "TR.Data.Agents", "Data\TR.Data.Agents\TR.Data.Agents.csproj", "{C942EEB0-02A3-41A8-802D-E5F383895849}"
EndProject
Project("{00D1A9C2-B5F0-4AF3-8072-F6C62B433612}") = "TR.Database", "Data\TR.Database\TR.Database.sqlproj", "{409F2460-CFB1-41FE-9286-3F23CE528063}"
EndProject
Project("{FAE04EC0-301F-11D3-BF4B-00C04F79EFBC}") = "TR.Business", "Business\TR.Business\TR.Business.csproj", "{ECB917D9-A26F-4714-A275-2C7FCA9831E1}"
EndProject
Project("{FAE04EC0-301F-11D3-BF4B-00C04F79EFBC}") = "TR.Workflows.Activities", "Business\TR.Workflows.Activities\TR.Workflows.Activities.csproj", "{B872AB88-8A81-46A4-932C-8B2FA881BE64}"
EndProject
Project("{FAE04EC0-301F-11D3-BF4B-00C04F79EFBC}") = "TR.Workflows.Designers", "Business\TR.Workflows.Designers\TR.Workflows.Designers.csproj", "{3E75E696-67A3-40B6-BE08-B3146E0D3BDF}"
EndProject
Project("{FAE04EC0-301F-11D3-BF4B-00C04F79EFBC}") = "TR.Workflows", "Business\TR.Workflows\TR.Workflows.csproj", "{3FFC1275-14D8-4545-97A1-B06D51EFF313}"
EndProject
Project("{FAE04EC0-301F-11D3-BF4B-00C04F79EFBC}") = "TR.Services.Contracts", "Services\TR.Services.Contracts\TR.Services.Contracts.csproj", "{854FEE50-9845-4F7E-993D-3C90381E66E5}"
EndProject
Project("{FAE04EC0-301F-11D3-BF4B-00C04F79EFBC}") = "TR.Services", "Services\TR.Services\TR.Services.csproj", "{1619B6EA-E59D-4014-A1A2-473988F9D2F7}"
EndProject
Project("{FAE04EC0-301F-11D3-BF4B-00C04F79EFBC}") = "TR.Services.Http", "Services\TR.Services.Http\TR.Services.Http.csproj", "{DC122498-28AE-4D38-8431-EC0D616A0A1C}"
EndProject
Project("{FAE04EC0-301F-11D3-BF4B-00C04F79EFBC}") = "TR.Hosts.Web", "Hosts\TR.Hosts.Web\TR.Hosts.Web.csproj", "{A2BC881C-4327-4C59-9B21-E4874917F3BC}"
EndProject
Project("{FAE04EC0-301F-11D3-BF4B-00C04F79EFBC}") = "TR.UI.Process", "Presentation\TR.UI.Process\TR.UI.Process.csproj", "{40022F6A-3AF5-45BB-89E4-FAA9BA6357BB}"
EndProject
Project("{FAE04EC0-301F-11D3-BF4B-00C04F79EFBC}") = "TR.UI.Web", "Presentation\TR.UI.Web\TR.UI.Web.csproj", "{7F3B5B42-C46D-4EC7-9CF6-E461A4E0031B}"
EndProject
Project("{FAE04EC0-301F-11D3-BF4B-00C04F79EFBC}") = "TR.Test", "Tests\TR.Test\TR.Test.csproj", "{BB90A132-F05B-4CA1-AFAC-ED3169F8E8A8}"
EndProject
Project("{2150E333-8FDC-42A3-9474-1A3956D46DE8}") = "Solution Items", "Solution Items", "{04A27AA3-0439-4A3F-BB75-B1C37FD9C129}"
	ProjectSection(SolutionItems) = preProject
		TestSettings1.testsettings = TestSettings1.testsettings
	EndProjectSection
EndProject
Global
	GlobalSection(SolutionConfigurationPlatforms) = preSolution
		Debug|Any CPU = Debug|Any CPU
		Debug|x64 = Debug|x64
		Release|Any CPU = Release|Any CPU
		Release|x64 = Release|x64
	EndGlobalSection
	GlobalSection(ProjectConfigurationPlatforms) = postSolution
		{5137256C-DA89-4C33-A09A-A414D88CB7FF}.Debug|Any CPU.ActiveCfg = Debug|Any CPU
		{5137256C-DA89-4C33-A09A-A414D88CB7FF}.Debug|Any CPU.Build.0 = Debug|Any CPU
		{5137256C-DA89-4C33-A09A-A414D88CB7FF}.Debug|x64.ActiveCfg = Debug|x64
		{5137256C-DA89-4C33-A09A-A414D88CB7FF}.Debug|x64.Build.0 = Debug|x64
		{5137256C-DA89-4C33-A09A-A414D88CB7FF}.Release|Any CPU.ActiveCfg = Release|Any CPU
		{5137256C-DA89-4C33-A09A-A414D88CB7FF}.Release|Any CPU.Build.0 = Release|Any CPU
		{5137256C-DA89-4C33-A09A-A414D88CB7FF}.Release|x64.ActiveCfg = Release|x64
		{5137256C-DA89-4C33-A09A-A414D88CB7FF}.Release|x64.Build.0 = Release|x64
		{AA6EF931-8D06-42FA-B281-A4DE20FFE1CE}.Debug|Any CPU.ActiveCfg = Debug|Any CPU
		{AA6EF931-8D06-42FA-B281-A4DE20FFE1CE}.Debug|Any CPU.Build.0 = Debug|Any CPU
		{AA6EF931-8D06-42FA-B281-A4DE20FFE1CE}.Debug|x64.ActiveCfg = Debug|x64
		{AA6EF931-8D06-42FA-B281-A4DE20FFE1CE}.Debug|x64.Build.0 = Debug|x64
		{AA6EF931-8D06-42FA-B281-A4DE20FFE1CE}.Release|Any CPU.ActiveCfg = Release|Any CPU
		{AA6EF931-8D06-42FA-B281-A4DE20FFE1CE}.Release|Any CPU.Build.0 = Release|Any CPU
		{AA6EF931-8D06-42FA-B281-A4DE20FFE1CE}.Release|x64.ActiveCfg = Release|x64
		{AA6EF931-8D06-42FA-B281-A4DE20FFE1CE}.Release|x64.Build.0 = Release|x64
		{4CA8D3BE-9F25-462E-9022-A17D5D4508D6}.Debug|Any CPU.ActiveCfg = Debug|Any CPU
		{4CA8D3BE-9F25-462E-9022-A17D5D4508D6}.Debug|Any CPU.Build.0 = Debug|Any CPU
		{4CA8D3BE-9F25-462E-9022-A17D5D4508D6}.Debug|x64.ActiveCfg = Debug|x64
		{4CA8D3BE-9F25-462E-9022-A17D5D4508D6}.Debug|x64.Build.0 = Debug|x64
		{4CA8D3BE-9F25-462E-9022-A17D5D4508D6}.Release|Any CPU.ActiveCfg = Release|Any CPU
		{4CA8D3BE-9F25-462E-9022-A17D5D4508D6}.Release|Any CPU.Build.0 = Release|Any CPU
		{4CA8D3BE-9F25-462E-9022-A17D5D4508D6}.Release|x64.ActiveCfg = Release|x64
		{4CA8D3BE-9F25-462E-9022-A17D5D4508D6}.Release|x64.Build.0 = Release|x64
		{C942EEB0-02A3-41A8-802D-E5F383895849}.Debug|Any CPU.ActiveCfg = Debug|Any CPU
		{C942EEB0-02A3-41A8-802D-E5F383895849}.Debug|Any CPU.Build.0 = Debug|Any CPU
		{C942EEB0-02A3-41A8-802D-E5F383895849}.Debug|x64.ActiveCfg = Debug|x64
		{C942EEB0-02A3-41A8-802D-E5F383895849}.Debug|x64.Build.0 = Debug|x64
		{C942EEB0-02A3-41A8-802D-E5F383895849}.Release|Any CPU.ActiveCfg = Release|Any CPU
		{C942EEB0-02A3-41A8-802D-E5F383895849}.Release|Any CPU.Build.0 = Release|Any CPU
		{C942EEB0-02A3-41A8-802D-E5F383895849}.Release|x64.ActiveCfg = Release|x64
		{C942EEB0-02A3-41A8-802D-E5F383895849}.Release|x64.Build.0 = Release|x64
		{409F2460-CFB1-41FE-9286-3F23CE528063}.Debug|Any CPU.ActiveCfg = Debug|Any CPU
		{409F2460-CFB1-41FE-9286-3F23CE528063}.Debug|Any CPU.Build.0 = Debug|Any CPU
		{409F2460-CFB1-41FE-9286-3F23CE528063}.Debug|Any CPU.Deploy.0 = Debug|Any CPU
		{409F2460-CFB1-41FE-9286-3F23CE528063}.Debug|x64.ActiveCfg = Debug|x64
		{409F2460-CFB1-41FE-9286-3F23CE528063}.Debug|x64.Build.0 = Debug|x64
		{409F2460-CFB1-41FE-9286-3F23CE528063}.Debug|x64.Deploy.0 = Debug|x64
		{409F2460-CFB1-41FE-9286-3F23CE528063}.Release|Any CPU.ActiveCfg = Release|Any CPU
		{409F2460-CFB1-41FE-9286-3F23CE528063}.Release|Any CPU.Build.0 = Release|Any CPU
		{409F2460-CFB1-41FE-9286-3F23CE528063}.Release|Any CPU.Deploy.0 = Release|Any CPU
		{409F2460-CFB1-41FE-9286-3F23CE528063}.Release|x64.ActiveCfg = Release|x64
		{409F2460-CFB1-41FE-9286-3F23CE528063}.Release|x64.Build.0 = Release|x64
		{409F2460-CFB1-41FE-9286-3F23CE528063}.Release|x64.Deploy.0 = Release|x64
		{ECB917D9-A26F-4714-A275-2C7FCA9831E1}.Debug|Any CPU.ActiveCfg = Debug|Any CPU
		{ECB917D9-A26F-4714-A275-2C7FCA9831E1}.Debug|Any CPU.Build.0 = Debug|Any CPU
		{ECB917D9-A26F-4714-A275-2C7FCA9831E1}.Debug|x64.ActiveCfg = Debug|x64
		{ECB917D9-A26F-4714-A275-2C7FCA9831E1}.Debug|x64.Build.0 = Debug|x64
		{ECB917D9-A26F-4714-A275-2C7FCA9831E1}.Release|Any CPU.ActiveCfg = Release|Any CPU
		{ECB917D9-A26F-4714-A275-2C7FCA9831E1}.Release|Any CPU.Build.0 = Release|Any CPU
		{ECB917D9-A26F-4714-A275-2C7FCA9831E1}.Release|x64.ActiveCfg = Release|x64
		{ECB917D9-A26F-4714-A275-2C7FCA9831E1}.Release|x64.Build.0 = Release|x64
		{B872AB88-8A81-46A4-932C-8B2FA881BE64}.Debug|Any CPU.ActiveCfg = Debug|Any CPU
		{B872AB88-8A81-46A4-932C-8B2FA881BE64}.Debug|Any CPU.Build.0 = Debug|Any CPU
		{B872AB88-8A81-46A4-932C-8B2FA881BE64}.Debug|x64.ActiveCfg = Debug|x64
		{B872AB88-8A81-46A4-932C-8B2FA881BE64}.Debug|x64.Build.0 = Debug|x64
		{B872AB88-8A81-46A4-932C-8B2FA881BE64}.Release|Any CPU.ActiveCfg = Release|Any CPU
		{B872AB88-8A81-46A4-932C-8B2FA881BE64}.Release|Any CPU.Build.0 = Release|Any CPU
		{B872AB88-8A81-46A4-932C-8B2FA881BE64}.Release|x64.ActiveCfg = Release|x64
		{B872AB88-8A81-46A4-932C-8B2FA881BE64}.Release|x64.Build.0 = Release|x64
		{3E75E696-67A3-40B6-BE08-B3146E0D3BDF}.Debug|Any CPU.ActiveCfg = Debug|Any CPU
		{3E75E696-67A3-40B6-BE08-B3146E0D3BDF}.Debug|Any CPU.Build.0 = Debug|Any CPU
		{3E75E696-67A3-40B6-BE08-B3146E0D3BDF}.Debug|x64.ActiveCfg = Debug|x64
		{3E75E696-67A3-40B6-BE08-B3146E0D3BDF}.Debug|x64.Build.0 = Debug|x64
		{3E75E696-67A3-40B6-BE08-B3146E0D3BDF}.Release|Any CPU.ActiveCfg = Release|Any CPU
		{3E75E696-67A3-40B6-BE08-B3146E0D3BDF}.Release|Any CPU.Build.0 = Release|Any CPU
		{3E75E696-67A3-40B6-BE08-B3146E0D3BDF}.Release|x64.ActiveCfg = Release|x64
		{3E75E696-67A3-40B6-BE08-B3146E0D3BDF}.Release|x64.Build.0 = Release|x64
		{3FFC1275-14D8-4545-97A1-B06D51EFF313}.Debug|Any CPU.ActiveCfg = Debug|Any CPU
		{3FFC1275-14D8-4545-97A1-B06D51EFF313}.Debug|Any CPU.Build.0 = Debug|Any CPU
		{3FFC1275-14D8-4545-97A1-B06D51EFF313}.Debug|x64.ActiveCfg = Debug|x64
		{3FFC1275-14D8-4545-97A1-B06D51EFF313}.Debug|x64.Build.0 = Debug|x64
		{3FFC1275-14D8-4545-97A1-B06D51EFF313}.Release|Any CPU.ActiveCfg = Release|Any CPU
		{3FFC1275-14D8-4545-97A1-B06D51EFF313}.Release|Any CPU.Build.0 = Release|Any CPU
		{3FFC1275-14D8-4545-97A1-B06D51EFF313}.Release|x64.ActiveCfg = Release|x64
		{3FFC1275-14D8-4545-97A1-B06D51EFF313}.Release|x64.Build.0 = Release|x64
		{854FEE50-9845-4F7E-993D-3C90381E66E5}.Debug|Any CPU.ActiveCfg = Debug|Any CPU
		{854FEE50-9845-4F7E-993D-3C90381E66E5}.Debug|Any CPU.Build.0 = Debug|Any CPU
		{854FEE50-9845-4F7E-993D-3C90381E66E5}.Debug|x64.ActiveCfg = Debug|x64
		{854FEE50-9845-4F7E-993D-3C90381E66E5}.Debug|x64.Build.0 = Debug|x64
		{854FEE50-9845-4F7E-993D-3C90381E66E5}.Release|Any CPU.ActiveCfg = Release|Any CPU
		{854FEE50-9845-4F7E-993D-3C90381E66E5}.Release|Any CPU.Build.0 = Release|Any CPU
		{854FEE50-9845-4F7E-993D-3C90381E66E5}.Release|x64.ActiveCfg = Release|x64
		{854FEE50-9845-4F7E-993D-3C90381E66E5}.Release|x64.Build.0 = Release|x64
		{1619B6EA-E59D-4014-A1A2-473988F9D2F7}.Debug|Any CPU.ActiveCfg = Debug|Any CPU
		{1619B6EA-E59D-4014-A1A2-473988F9D2F7}.Debug|Any CPU.Build.0 = Debug|Any CPU
		{1619B6EA-E59D-4014-A1A2-473988F9D2F7}.Debug|x64.ActiveCfg = Debug|x64
		{1619B6EA-E59D-4014-A1A2-473988F9D2F7}.Debug|x64.Build.0 = Debug|x64
		{1619B6EA-E59D-4014-A1A2-473988F9D2F7}.Release|Any CPU.ActiveCfg = Release|Any CPU
		{1619B6EA-E59D-4014-A1A2-473988F9D2F7}.Release|Any CPU.Build.0 = Release|Any CPU
		{1619B6EA-E59D-4014-A1A2-473988F9D2F7}.Release|x64.ActiveCfg = Release|x64
		{1619B6EA-E59D-4014-A1A2-473988F9D2F7}.Release|x64.Build.0 = Release|x64
		{DC122498-28AE-4D38-8431-EC0D616A0A1C}.Debug|Any CPU.ActiveCfg = Debug|Any CPU
		{DC122498-28AE-4D38-8431-EC0D616A0A1C}.Debug|Any CPU.Build.0 = Debug|Any CPU
		{DC122498-28AE-4D38-8431-EC0D616A0A1C}.Debug|x64.ActiveCfg = Debug|x64
		{DC122498-28AE-4D38-8431-EC0D616A0A1C}.Debug|x64.Build.0 = Debug|x64
		{DC122498-28AE-4D38-8431-EC0D616A0A1C}.Release|Any CPU.ActiveCfg = Release|Any CPU
		{DC122498-28AE-4D38-8431-EC0D616A0A1C}.Release|Any CPU.Build.0 = Release|Any CPU
		{DC122498-28AE-4D38-8431-EC0D616A0A1C}.Release|x64.ActiveCfg = Release|x64
		{DC122498-28AE-4D38-8431-EC0D616A0A1C}.Release|x64.Build.0 = Release|x64
		{A2BC881C-4327-4C59-9B21-E4874917F3BC}.Debug|Any CPU.ActiveCfg = Debug|Any CPU
		{A2BC881C-4327-4C59-9B21-E4874917F3BC}.Debug|Any CPU.Build.0 = Debug|Any CPU
		{A2BC881C-4327-4C59-9B21-E4874917F3BC}.Debug|x64.ActiveCfg = Debug|x64
		{A2BC881C-4327-4C59-9B21-E4874917F3BC}.Debug|x64.Build.0 = Debug|x64
		{A2BC881C-4327-4C59-9B21-E4874917F3BC}.Release|Any CPU.ActiveCfg = Release|Any CPU
		{A2BC881C-4327-4C59-9B21-E4874917F3BC}.Release|Any CPU.Build.0 = Release|Any CPU
		{A2BC881C-4327-4C59-9B21-E4874917F3BC}.Release|x64.ActiveCfg = Release|x64
		{A2BC881C-4327-4C59-9B21-E4874917F3BC}.Release|x64.Build.0 = Release|x64
		{40022F6A-3AF5-45BB-89E4-FAA9BA6357BB}.Debug|Any CPU.ActiveCfg = Debug|Any CPU
		{40022F6A-3AF5-45BB-89E4-FAA9BA6357BB}.Debug|Any CPU.Build.0 = Debug|Any CPU
		{40022F6A-3AF5-45BB-89E4-FAA9BA6357BB}.Debug|x64.ActiveCfg = Debug|x64
		{40022F6A-3AF5-45BB-89E4-FAA9BA6357BB}.Debug|x64.Build.0 = Debug|x64
		{40022F6A-3AF5-45BB-89E4-FAA9BA6357BB}.Release|Any CPU.ActiveCfg = Release|Any CPU
		{40022F6A-3AF5-45BB-89E4-FAA9BA6357BB}.Release|Any CPU.Build.0 = Release|Any CPU
		{40022F6A-3AF5-45BB-89E4-FAA9BA6357BB}.Release|x64.ActiveCfg = Release|x64
		{40022F6A-3AF5-45BB-89E4-FAA9BA6357BB}.Release|x64.Build.0 = Release|x64
		{7F3B5B42-C46D-4EC7-9CF6-E461A4E0031B}.Debug|Any CPU.ActiveCfg = Debug|Any CPU
		{7F3B5B42-C46D-4EC7-9CF6-E461A4E0031B}.Debug|Any CPU.Build.0 = Debug|Any CPU
		{7F3B5B42-C46D-4EC7-9CF6-E461A4E0031B}.Debug|x64.ActiveCfg = Debug|x64
		{7F3B5B42-C46D-4EC7-9CF6-E461A4E0031B}.Debug|x64.Build.0 = Debug|x64
		{7F3B5B42-C46D-4EC7-9CF6-E461A4E0031B}.Release|Any CPU.ActiveCfg = Release|Any CPU
		{7F3B5B42-C46D-4EC7-9CF6-E461A4E0031B}.Release|Any CPU.Build.0 = Release|Any CPU
		{7F3B5B42-C46D-4EC7-9CF6-E461A4E0031B}.Release|x64.ActiveCfg = Release|x64
		{7F3B5B42-C46D-4EC7-9CF6-E461A4E0031B}.Release|x64.Build.0 = Release|x64
		{BB90A132-F05B-4CA1-AFAC-ED3169F8E8A8}.Debug|Any CPU.ActiveCfg = Debug|Any CPU
		{BB90A132-F05B-4CA1-AFAC-ED3169F8E8A8}.Debug|Any CPU.Build.0 = Debug|Any CPU
		{BB90A132-F05B-4CA1-AFAC-ED3169F8E8A8}.Debug|x64.ActiveCfg = Debug|x64
		{BB90A132-F05B-4CA1-AFAC-ED3169F8E8A8}.Debug|x64.Build.0 = Debug|x64
		{BB90A132-F05B-4CA1-AFAC-ED3169F8E8A8}.Release|Any CPU.ActiveCfg = Release|Any CPU
		{BB90A132-F05B-4CA1-AFAC-ED3169F8E8A8}.Release|Any CPU.Build.0 = Release|Any CPU
		{BB90A132-F05B-4CA1-AFAC-ED3169F8E8A8}.Release|x64.ActiveCfg = Release|x64
		{BB90A132-F05B-4CA1-AFAC-ED3169F8E8A8}.Release|x64.Build.0 = Release|x64
	EndGlobalSection
	GlobalSection(SolutionProperties) = preSolution
		HideSolutionNode = FALSE
	EndGlobalSection
	GlobalSection(NestedProjects) = preSolution
		{5137256C-DA89-4C33-A09A-A414D88CB7FF} = {9CA42AF6-C4D2-4D9B-A413-2795EBDB07DA}
		{AA6EF931-8D06-42FA-B281-A4DE20FFE1CE} = {9CA42AF6-C4D2-4D9B-A413-2795EBDB07DA}
		{4CA8D3BE-9F25-462E-9022-A17D5D4508D6} = {7ED2D99A-69C6-4490-A863-5C3F8573387E}
		{C942EEB0-02A3-41A8-802D-E5F383895849} = {7ED2D99A-69C6-4490-A863-5C3F8573387E}
		{409F2460-CFB1-41FE-9286-3F23CE528063} = {7ED2D99A-69C6-4490-A863-5C3F8573387E}
		{ECB917D9-A26F-4714-A275-2C7FCA9831E1} = {A6A1A93A-A102-46EA-9D23-06D88ACFD01D}
		{B872AB88-8A81-46A4-932C-8B2FA881BE64} = {A6A1A93A-A102-46EA-9D23-06D88ACFD01D}
		{3E75E696-67A3-40B6-BE08-B3146E0D3BDF} = {A6A1A93A-A102-46EA-9D23-06D88ACFD01D}
		{3FFC1275-14D8-4545-97A1-B06D51EFF313} = {A6A1A93A-A102-46EA-9D23-06D88ACFD01D}
		{854FEE50-9845-4F7E-993D-3C90381E66E5} = {B7AD5665-6E1C-409E-88A0-4B2FD7075CA8}
		{1619B6EA-E59D-4014-A1A2-473988F9D2F7} = {B7AD5665-6E1C-409E-88A0-4B2FD7075CA8}
		{DC122498-28AE-4D38-8431-EC0D616A0A1C} = {B7AD5665-6E1C-409E-88A0-4B2FD7075CA8}
		{A2BC881C-4327-4C59-9B21-E4874917F3BC} = {EE18BF2F-346F-45C9-9FEC-EACF4D6A66C8}
		{40022F6A-3AF5-45BB-89E4-FAA9BA6357BB} = {FD9147FF-0BF8-4DE0-A967-A3BB742716B9}
		{7F3B5B42-C46D-4EC7-9CF6-E461A4E0031B} = {FD9147FF-0BF8-4DE0-A967-A3BB742716B9}
		{BB90A132-F05B-4CA1-AFAC-ED3169F8E8A8} = {519D5926-F696-477E-A1BF-474D557E0FC9}
	EndGlobalSection
	GlobalSection(ExtensibilityGlobals) = postSolution
		EnterpriseLibraryConfigurationToolBinariesPathV6 = packages\EnterpriseLibrary.Common.6.0.1304.0\lib\NET45;packages\EnterpriseLibrary.Data.6.0.1304.0\lib\NET45
	EndGlobalSection
EndGlobal
